
Microsoft Visual Studio Solution File, Format Version 12.00
# Visual Studio Version 16
VisualStudioVersion = 16.0.29025.244
MinimumVisualStudioVersion = 10.0.40219.1
Project("{FAE04EC0-301F-11D3-BF4B-00C04F79EFBC}") = "Shop", "Shop.csproj", "{D0247472-2919-45CF-B757-F77E56940E7E}"
EndProject
Global
	GlobalSection(SolutionConfigurationPlatforms) = preSolution
		Debug|Any CPU = Debug|Any CPU
		Release|Any CPU = Release|Any CPU
	EndGlobalSection
	GlobalSection(ProjectConfigurationPlatforms) = postSolution
		{D0247472-2919-45CF-B757-F77E56940E7E}.Debug|Any CPU.ActiveCfg = Debug|Any CPU
		{D0247472-2919-45CF-B757-F77E56940E7E}.Debug|Any CPU.Build.0 = Debug|Any CPU
		{D0247472-2919-45CF-B757-F77E56940E7E}.Release|Any CPU.ActiveCfg = Release|Any CPU
		{D0247472-2919-45CF-B757-F77E56940E7E}.Release|Any CPU.Build.0 = Release|Any CPU
	EndGlobalSection
	GlobalSection(SolutionProperties) = preSolution
		HideSolutionNode = FALSE
	EndGlobalSection
	GlobalSection(ExtensibilityGlobals) = postSolution
		SolutionGuid = {BF4B68F2-0167-41FD-A202-C963A5FA8AF6}
	EndGlobalSection
EndGlobal
