
Microsoft Visual Studio Solution File, Format Version 12.00
# Visual Studio Version 16
VisualStudioVersion = 16.0.29025.244
MinimumVisualStudioVersion = 10.0.40219.1
Project("{FAE04EC0-301F-11D3-BF4B-00C04F79EFBC}") = "Bill", "Bill.csproj", "{AD56B856-6154-411A-B89D-2890D95E5BCF}"
EndProject
Global
	GlobalSection(SolutionConfigurationPlatforms) = preSolution
		Debug|Any CPU = Debug|Any CPU
		Release|Any CPU = Release|Any CPU
	EndGlobalSection
	GlobalSection(ProjectConfigurationPlatforms) = postSolution
		{AD56B856-6154-411A-B89D-2890D95E5BCF}.Debug|Any CPU.ActiveCfg = Debug|Any CPU
		{AD56B856-6154-411A-B89D-2890D95E5BCF}.Debug|Any CPU.Build.0 = Debug|Any CPU
		{AD56B856-6154-411A-B89D-2890D95E5BCF}.Release|Any CPU.ActiveCfg = Release|Any CPU
		{AD56B856-6154-411A-B89D-2890D95E5BCF}.Release|Any CPU.Build.0 = Release|Any CPU
	EndGlobalSection
	GlobalSection(SolutionProperties) = preSolution
		HideSolutionNode = FALSE
	EndGlobalSection
	GlobalSection(ExtensibilityGlobals) = postSolution
		SolutionGuid = {27BD6E43-5871-4203-980C-4039EBB79FE2}
	EndGlobalSection
EndGlobal
